
Microsoft Visual Studio Solution File, Format Version 12.00
# Visual Studio 15
VisualStudioVersion = 15.0.27004.2006
MinimumVisualStudioVersion = 10.0.40219.1
Project("{FAE04EC0-301F-11D3-BF4B-00C04F79EFBC}") = "BLL", "BLL\BLL.csproj", "{BAEBFCDD-AA67-4107-81F7-969E7391DC57}"
EndProject
Global
	GlobalSection(SolutionConfigurationPlatforms) = preSolution
		Debug|Any CPU = Debug|Any CPU
		Release|Any CPU = Release|Any CPU
	EndGlobalSection
	GlobalSection(ProjectConfigurationPlatforms) = postSolution
		{BAEBFCDD-AA67-4107-81F7-969E7391DC57}.Debug|Any CPU.ActiveCfg = Debug|Any CPU
		{BAEBFCDD-AA67-4107-81F7-969E7391DC57}.Debug|Any CPU.Build.0 = Debug|Any CPU
		{BAEBFCDD-AA67-4107-81F7-969E7391DC57}.Release|Any CPU.ActiveCfg = Release|Any CPU
		{BAEBFCDD-AA67-4107-81F7-969E7391DC57}.Release|Any CPU.Build.0 = Release|Any CPU
	EndGlobalSection
	GlobalSection(SolutionProperties) = preSolution
		HideSolutionNode = FALSE
	EndGlobalSection
	GlobalSection(ExtensibilityGlobals) = postSolution
		SolutionGuid = {7BC4EB6A-641F-4580-88C7-D62F5B5FF422}
	EndGlobalSection
EndGlobal
